
Microsoft Visual Studio Solution File, Format Version 12.00
# Visual Studio Version 17
VisualStudioVersion = 17.0.31423.177
MinimumVisualStudioVersion = 10.0.40219.1
Project("{FAE04EC0-301F-11D3-BF4B-00C04F79EFBC}") = "back-end", "back-end\back-end.csproj", "{82CF7478-FDDC-4190-88AD-034B9BE6DBA1}"
EndProject
Global
	GlobalSection(SolutionConfigurationPlatforms) = preSolution
		Debug|Any CPU = Debug|Any CPU
		Release|Any CPU = Release|Any CPU
	EndGlobalSection
	GlobalSection(ProjectConfigurationPlatforms) = postSolution
		{82CF7478-FDDC-4190-88AD-034B9BE6DBA1}.Debug|Any CPU.ActiveCfg = Debug|Any CPU
		{82CF7478-FDDC-4190-88AD-034B9BE6DBA1}.Debug|Any CPU.Build.0 = Debug|Any CPU
		{82CF7478-FDDC-4190-88AD-034B9BE6DBA1}.Release|Any CPU.ActiveCfg = Release|Any CPU
		{82CF7478-FDDC-4190-88AD-034B9BE6DBA1}.Release|Any CPU.Build.0 = Release|Any CPU
	EndGlobalSection
	GlobalSection(SolutionProperties) = preSolution
		HideSolutionNode = FALSE
	EndGlobalSection
	GlobalSection(ExtensibilityGlobals) = postSolution
		SolutionGuid = {1889DE54-C8D3-48CB-AC96-13F4A5C2DC2E}
	EndGlobalSection
EndGlobal
